{
  "name": "writing-stats-web",
  "lockfileVersion": 2,
  "requires": true,
  "packages": {
    "": {
      "dependencies": {
        "writing-stats": "^1.0.5"
      }
    },
    "node_modules/writing-stats": {
      "version": "1.0.5",
      "resolved": "https://registry.npmjs.org/writing-stats/-/writing-stats-1.0.5.tgz",
      "integrity": "sha512-+rap73LbM4TnRoVPAjRQh7d0WbEZMpXrq/t3BX9/LO8h3Z4s6BBd4oTR0/UlPhDQctpYQCvAJHS6vTGPc4GkCA=="
    }
  },
  "dependencies": {
    "writing-stats": {
      "version": "1.0.5",
      "resolved": "https://registry.npmjs.org/writing-stats/-/writing-stats-1.0.5.tgz",
      "integrity": "sha512-+rap73LbM4TnRoVPAjRQh7d0WbEZMpXrq/t3BX9/LO8h3Z4s6BBd4oTR0/UlPhDQctpYQCvAJHS6vTGPc4GkCA=="
    }
  }
}
